<?xml version="1.0" encoding="utf-8"?>
<Project ToolsVersion="4.0" xmlns="http://schemas.microsoft.com/developer/msbuild/2003">
  <ItemGroup>
    <Filter Include="Source Files">
      <UniqueIdentifier>{4FC737F1-C7A5-4376-A066-2A32D752A2FF}</UniqueIdentifier>
      <Extensions>cpp;c;cc;cxx;def;odl;idl;hpj;bat;asm;asmx</Extensions>
    </Filter>
    <Filter Include="Header Files">
      <UniqueIdentifier>{93995380-89BD-4b04-88EB-625FBE52EBFB}</UniqueIdentifier>
      <Extensions>h;hh;hpp;hxx;hm;inl;inc;ipp;xsd</Extensions>
    </Filter>
    <Filter Include="Resource Files">
      <UniqueIdentifier>{67DA6AB6-F800-4c08-8B7A-83BB121AAD01}</UniqueIdentifier>
      <Extensions>rc;ico;cur;bmp;dlg;rc2;rct;bin;rgs;gif;jpg;jpeg;jpe;resx;tiff;tif;png;wav;mfcribbon-ms</Extensions>
    </Filter>
    <Filter Include="Header Files\Graph">
      <UniqueIdentifier>{3ab02b56-21e7-4e57-b6e6-e0b5c50e1235}</UniqueIdentifier>
    </Filter>
    <Filter Include="Resource Files\Graph">
      <UniqueIdentifier>{b9bca163-90bc-4778-86af-ed7d6f16ee10}</UniqueIdentifier>
    </Filter>
    <Filter Include="Header Files\Geometry">
      <UniqueIdentifier>{2d803e43-0b94-49f5-9070-3f0233e02202}</UniqueIdentifier>
    </Filter>
    <Filter Include="Resource Files\Geometry">
      <UniqueIdentifier>{a56662c6-f0fd-40ef-be10-f2f8276a61c4}</UniqueIdentifier>
    </Filter>
    <Filter Include="Header Files\Utils">
      <UniqueIdentifier>{26bd53f2-f27e-4f28-8c12-8eb2895d5ee9}</UniqueIdentifier>
    </Filter>
    <Filter Include="Header Files\Sortings">
      <UniqueIdentifier>{e4694ef6-26a2-475b-befe-ccf2482c60b3}</UniqueIdentifier>
    </Filter>
    <Filter Include="Header Files\DataStructures">
      <UniqueIdentifier>{3aada30b-67a2-469a-b866-cf6051875bdc}</UniqueIdentifier>
    </Filter>
    <Filter Include="Resource Files\DataStructures">
      <UniqueIdentifier>{28d2e31f-8a66-4db7-ae33-b46ac0a0ea1f}</UniqueIdentifier>
    </Filter>
    <Filter Include="Resource Files\Strings">
      <UniqueIdentifier>{212c4917-20db-4815-afa0-9a6027dee045}</UniqueIdentifier>
    </Filter>
    <Filter Include="Header Files\Strings">
      <UniqueIdentifier>{00eb6170-afbd-4ac7-8481-b31e2e3fdbe1}</UniqueIdentifier>
    </Filter>
  </ItemGroup>
  <ItemGroup>
    <ClInclude Include="include\Utils.hpp">
      <Filter>Header Files\Utils</Filter>
    </ClInclude>
    <ClInclude Include="include\Defines.h">
      <Filter>Header Files\Utils</Filter>
    </ClInclude>
    <ClInclude Include="include\Utils.h">
      <Filter>Header Files\Utils</Filter>
    </ClInclude>
    <ClInclude Include="include\Graph\Dijkstra.h">
      <Filter>Header Files\Graph</Filter>
    </ClInclude>
    <ClInclude Include="include\Graph\FloydWarshall.h">
      <Filter>Header Files\Graph</Filter>
    </ClInclude>
    <ClInclude Include="include\Graph\FordBellman.h">
      <Filter>Header Files\Graph</Filter>
    </ClInclude>
    <ClInclude Include="include\Graph\Graph.h">
      <Filter>Header Files\Graph</Filter>
    </ClInclude>
    <ClInclude Include="include\Geometry\Geometry.h">
      <Filter>Header Files\Geometry</Filter>
    </ClInclude>
    <ClInclude Include="include\Graph\CycleChecker.h">
      <Filter>Header Files\Graph</Filter>
    </ClInclude>
    <ClInclude Include="include\Graph\Toposort.h">
      <Filter>Header Files\Graph</Filter>
    </ClInclude>
    <ClInclude Include="include\Graph\DSU.h">
      <Filter>Header Files\Graph</Filter>
    </ClInclude>
    <ClInclude Include="include\Graph\Kruskal.h">
      <Filter>Header Files\Graph</Filter>
    </ClInclude>
    <ClInclude Include="include\Graph\Components.h">
      <Filter>Header Files\Graph</Filter>
    </ClInclude>
    <ClInclude Include="include\Graph\StrongComponents.h">
      <Filter>Header Files\Graph</Filter>
    </ClInclude>
    <ClInclude Include="include\Sortings\Sorting.h">
      <Filter>Header Files\Sortings</Filter>
    </ClInclude>
    <ClInclude Include="include\DataStructures\SegmentTree.h">
      <Filter>Header Files\DataStructures</Filter>
    </ClInclude>
    <ClInclude Include="include\Graph\LCA.h">
      <Filter>Header Files\Graph</Filter>
    </ClInclude>
    <ClInclude Include="include\Graph\CutPoints.h">
      <Filter>Header Files\Graph</Filter>
    </ClInclude>
    <ClInclude Include="include\Graph\Bridges.h">
      <Filter>Header Files\Graph</Filter>
    </ClInclude>
    <ClInclude Include="include\Graph\ChromaticNumber.h">
      <Filter>Header Files\Graph</Filter>
    </ClInclude>
    <ClInclude Include="include\Graph\Euler.h">
      <Filter>Header Files\Graph</Filter>
    </ClInclude>
    <ClInclude Include="include\Strings\Z-Function.h">
      <Filter>Header Files\Strings</Filter>
    </ClInclude>
    <ClInclude Include="include\DataStructures\Trie.h">
      <Filter>Header Files\DataStructures</Filter>
    </ClInclude>
    <ClInclude Include="include\Graph\PruferCode.h">
      <Filter>Header Files\Graph</Filter>
    </ClInclude>
  </ItemGroup>
  <ItemGroup>
    <ClCompile Include="src\Geometry\Geometry.cpp">
      <Filter>Resource Files\Geometry</Filter>
    </ClCompile>
    <ClCompile Include="src\Graph\Dijkstra.cpp">
      <Filter>Resource Files\Graph</Filter>
    </ClCompile>
    <ClCompile Include="src\Graph\FloydWarshall.cpp">
      <Filter>Resource Files\Graph</Filter>
    </ClCompile>
    <ClCompile Include="src\Graph\Graph.cpp">
      <Filter>Resource Files\Graph</Filter>
    </ClCompile>
    <ClCompile Include="src\Graph\CycleChecker.cpp">
      <Filter>Resource Files\Graph</Filter>
    </ClCompile>
    <ClCompile Include="src\Graph\Toposort.cpp">
      <Filter>Resource Files\Graph</Filter>
    </ClCompile>
    <ClCompile Include="src\Graph\DSU.cpp">
      <Filter>Resource Files\Graph</Filter>
    </ClCompile>
    <ClCompile Include="src\Graph\Kruskal.cpp">
      <Filter>Resource Files\Graph</Filter>
    </ClCompile>
    <ClCompile Include="src\Graph\Components.cpp">
      <Filter>Resource Files\Graph</Filter>
    </ClCompile>
    <ClCompile Include="src\Graph\StrongComponents.cpp">
      <Filter>Resource Files\Graph</Filter>
    </ClCompile>
    <ClCompile Include="src\Graph\LCA.cpp">
      <Filter>Resource Files\Graph</Filter>
    </ClCompile>
    <ClCompile Include="src\Graph\CutPoints.cpp">
      <Filter>Resource Files\Graph</Filter>
    </ClCompile>
    <ClCompile Include="src\Graph\Bridges.cpp">
      <Filter>Resource Files\Graph</Filter>
    </ClCompile>
    <ClCompile Include="src\Graph\ChromaticNumber.cpp">
      <Filter>Resource Files\Graph</Filter>
    </ClCompile>
    <ClCompile Include="src\Graph\FordBellman.cpp">
      <Filter>Resource Files\Graph</Filter>
    </ClCompile>
    <ClCompile Include="src\Graph\Euler.cpp">
      <Filter>Resource Files\Graph</Filter>
    </ClCompile>
    <ClCompile Include="src\Strings\Z-Function.cpp">
      <Filter>Resource Files\Strings</Filter>
    </ClCompile>
    <ClCompile Include="src\DataStructures\Trie.cpp">
      <Filter>Resource Files\DataStructures</Filter>
    </ClCompile>
    <ClCompile Include="src\Graph\PruferCode.cpp">
      <Filter>Resource Files\Graph</Filter>
    </ClCompile>
  </ItemGroup>
</Project>